// !$*UTF8*$!
{
	archiveVersion = 1;
	classes = {
	};
	objectVersion = 48;
	objects = {

/* Begin PBXBuildFile section */
		1C8B2EC22AE16ACA7A8413B6 /* Pods_QuickMenu.framework in Frameworks */ = {isa = PBXBuildFile; fileRef = 0AA52FD6711E9949700475C8 /* Pods_QuickMenu.framework */; };
		C41FBE802057544C00D33F1E /* VideoIntro.mp4 in Resources */ = {isa = PBXBuildFile; fileRef = C41FBE7F2057544C00D33F1E /* VideoIntro.mp4 */; };
		C420E1D2203267DB00914AF5 /* CreditosTVC.swift in Sources */ = {isa = PBXBuildFile; fileRef = C420E1D1203267DB00914AF5 /* CreditosTVC.swift */; };
		C4244897204365F70089A31C /* MenusTVCell.swift in Sources */ = {isa = PBXBuildFile; fileRef = C4244896204365F70089A31C /* MenusTVCell.swift */; };
		C427BB922048C6020054EFD8 /* InfoQuickMenuVC.swift in Sources */ = {isa = PBXBuildFile; fileRef = C427BB912048C6020054EFD8 /* InfoQuickMenuVC.swift */; };
		C435A35520608F79005A6D47 /* HeaderViewBuscarRestauranteTVC.swift in Sources */ = {isa = PBXBuildFile; fileRef = C435A35320608F79005A6D47 /* HeaderViewBuscarRestauranteTVC.swift */; };
		C435A35620608F79005A6D47 /* HeaderViewBuscarRestauranteTVC.xib in Resources */ = {isa = PBXBuildFile; fileRef = C435A35420608F79005A6D47 /* HeaderViewBuscarRestauranteTVC.xib */; };
		C43F318C20156DEA000E9924 /* GoogleService-Info.plist in Resources */ = {isa = PBXBuildFile; fileRef = C43F318B20156DEA000E9924 /* GoogleService-Info.plist */; };
		C43F319620158ECF000E9924 /* LocalizarRestauranteVC.swift in Sources */ = {isa = PBXBuildFile; fileRef = C43F319520158ECF000E9924 /* LocalizarRestauranteVC.swift */; };
		C457D37D20154BDE000D8C1F /* AppDelegate.swift in Sources */ = {isa = PBXBuildFile; fileRef = C457D37C20154BDE000D8C1F /* AppDelegate.swift */; };
		C457D38220154BDE000D8C1F /* Main.storyboard in Resources */ = {isa = PBXBuildFile; fileRef = C457D38020154BDE000D8C1F /* Main.storyboard */; };
		C457D38420154BDE000D8C1F /* Assets.xcassets in Resources */ = {isa = PBXBuildFile; fileRef = C457D38320154BDE000D8C1F /* Assets.xcassets */; };
		C457D38720154BDE000D8C1F /* LaunchScreen.storyboard in Resources */ = {isa = PBXBuildFile; fileRef = C457D38520154BDE000D8C1F /* LaunchScreen.storyboard */; };
		C45E342C202D0B2000263FA1 /* TutorialVC.swift in Sources */ = {isa = PBXBuildFile; fileRef = C45E342B202D0B2000263FA1 /* TutorialVC.swift */; };
		C465EE7C2060F49C003E2F4A /* BuscarRestauranteVC.swift in Sources */ = {isa = PBXBuildFile; fileRef = C465EE7B2060F49C003E2F4A /* BuscarRestauranteVC.swift */; };
		C46B0CFD2040FD7600D1EDB6 /* MapaDireccionRestauranteVC.swift in Sources */ = {isa = PBXBuildFile; fileRef = C46B0CFC2040FD7600D1EDB6 /* MapaDireccionRestauranteVC.swift */; };
		C46F97742036B03700F83D22 /* UnirteAQuickMenuPageVC.swift in Sources */ = {isa = PBXBuildFile; fileRef = C46F97732036B03700F83D22 /* UnirteAQuickMenuPageVC.swift */; };
		C476C934202948B00003074C /* SeccionSeleccionadaVC.swift in Sources */ = {isa = PBXBuildFile; fileRef = C476C933202948B00003074C /* SeccionSeleccionadaVC.swift */; };
		C476C93620294FC50003074C /* SeccionSeleccionadaTVCell.swift in Sources */ = {isa = PBXBuildFile; fileRef = C476C93520294FC50003074C /* SeccionSeleccionadaTVCell.swift */; };
		C47A98F7203771000028A90C /* Pagina1VC.swift in Sources */ = {isa = PBXBuildFile; fileRef = C47A98F6203771000028A90C /* Pagina1VC.swift */; };
		C47A98F92037710A0028A90C /* Pagina2VC.swift in Sources */ = {isa = PBXBuildFile; fileRef = C47A98F82037710A0028A90C /* Pagina2VC.swift */; };
		C47A98FB203771190028A90C /* Pagina3VC.swift in Sources */ = {isa = PBXBuildFile; fileRef = C47A98FA203771190028A90C /* Pagina3VC.swift */; };
		C47EB96620295F1A00BF9B2D /* Funciones.swift in Sources */ = {isa = PBXBuildFile; fileRef = C47EB96520295F1A00BF9B2D /* Funciones.swift */; };
		C47EB9682029653D00BF9B2D /* PlatilloSeleccionadoTVC.swift in Sources */ = {isa = PBXBuildFile; fileRef = C47EB9672029653D00BF9B2D /* PlatilloSeleccionadoTVC.swift */; };
		C4877228204F63540039D20A /* CustomFunciones.swift in Sources */ = {isa = PBXBuildFile; fileRef = C4877227204F63540039D20A /* CustomFunciones.swift */; };
		C4942379204A0DFD0065A654 /* Prueba2VC.swift in Sources */ = {isa = PBXBuildFile; fileRef = C4942378204A0DFD0065A654 /* Prueba2VC.swift */; };
		C494237B204A17860065A654 /* RestauranteCVCell.swift in Sources */ = {isa = PBXBuildFile; fileRef = C494237A204A17860065A654 /* RestauranteCVCell.swift */; };
		C494F903205A427400F36920 /* VistosRecientementeCVCell.swift in Sources */ = {isa = PBXBuildFile; fileRef = C494F902205A427400F36920 /* VistosRecientementeCVCell.swift */; };
		C494F905205A428200F36920 /* CategoriasCVCell.swift in Sources */ = {isa = PBXBuildFile; fileRef = C494F904205A428200F36920 /* CategoriasCVCell.swift */; };
		C49969722043641C0057326F /* AgarrarMenuVC.swift in Sources */ = {isa = PBXBuildFile; fileRef = C49969712043641C0057326F /* AgarrarMenuVC.swift */; };
		C49DA80C206480E6008EE018 /* SearchResultsTVCell.swift in Sources */ = {isa = PBXBuildFile; fileRef = C49DA80A206480E6008EE018 /* SearchResultsTVCell.swift */; };
		C49DA80D206480E6008EE018 /* SearchResultsTVCell.xib in Resources */ = {isa = PBXBuildFile; fileRef = C49DA80B206480E6008EE018 /* SearchResultsTVCell.xib */; };
		C4AB28D420239A7D00F0CCCB /* DatosSeccion.swift in Sources */ = {isa = PBXBuildFile; fileRef = C4AB28D320239A7D00F0CCCB /* DatosSeccion.swift */; };
		C4DC97C9204D2742007182D4 /* UIColorExtension.swift in Sources */ = {isa = PBXBuildFile; fileRef = C4DC97C8204D2742007182D4 /* UIColorExtension.swift */; };
		C4EE0E5E201A81B0009CDB7C /* DBReference.swift in Sources */ = {isa = PBXBuildFile; fileRef = C4EE0E5D201A81B0009CDB7C /* DBReference.swift */; };
		C4EE0E60201AAD1F009CDB7C /* DatosLocalizarRestaurante.swift in Sources */ = {isa = PBXBuildFile; fileRef = C4EE0E5F201AAD1F009CDB7C /* DatosLocalizarRestaurante.swift */; };
		C4EED4E42020F22700E53139 /* SeccionesVC.swift in Sources */ = {isa = PBXBuildFile; fileRef = C4EED4E32020F22700E53139 /* SeccionesVC.swift */; };
		C4EED4E72020F2A500E53139 /* SeccionTVCell.swift in Sources */ = {isa = PBXBuildFile; fileRef = C4EED4E52020F2A500E53139 /* SeccionTVCell.swift */; };
		C4F62F35201E785200900C78 /* LocalizarRestaurantes.swift in Sources */ = {isa = PBXBuildFile; fileRef = C4F62F34201E785200900C78 /* LocalizarRestaurantes.swift */; };
/* End PBXBuildFile section */

/* Begin PBXFileReference section */
		0AA52FD6711E9949700475C8 /* Pods_QuickMenu.framework */ = {isa = PBXFileReference; explicitFileType = wrapper.framework; includeInIndex = 0; path = Pods_QuickMenu.framework; sourceTree = BUILT_PRODUCTS_DIR; };
		57EFC24B9684A0413CC94B7E /* Pods-QuickMenu.release.xcconfig */ = {isa = PBXFileReference; includeInIndex = 1; lastKnownFileType = text.xcconfig; name = "Pods-QuickMenu.release.xcconfig"; path = "Pods/Target Support Files/Pods-QuickMenu/Pods-QuickMenu.release.xcconfig"; sourceTree = "<group>"; };
		A89FB60C5093CED1CF58C4DE /* Pods-QuickMenu.debug.xcconfig */ = {isa = PBXFileReference; includeInIndex = 1; lastKnownFileType = text.xcconfig; name = "Pods-QuickMenu.debug.xcconfig"; path = "Pods/Target Support Files/Pods-QuickMenu/Pods-QuickMenu.debug.xcconfig"; sourceTree = "<group>"; };
		C41FBE7F2057544C00D33F1E /* VideoIntro.mp4 */ = {isa = PBXFileReference; lastKnownFileType = file; name = VideoIntro.mp4; path = ../../../../../VideoIntro.mp4; sourceTree = "<group>"; };
		C420E1D1203267DB00914AF5 /* CreditosTVC.swift */ = {isa = PBXFileReference; lastKnownFileType = sourcecode.swift; path = CreditosTVC.swift; sourceTree = "<group>"; };
		C4244896204365F70089A31C /* MenusTVCell.swift */ = {isa = PBXFileReference; lastKnownFileType = sourcecode.swift; path = MenusTVCell.swift; sourceTree = "<group>"; };
		C427BB912048C6020054EFD8 /* InfoQuickMenuVC.swift */ = {isa = PBXFileReference; lastKnownFileType = sourcecode.swift; path = InfoQuickMenuVC.swift; sourceTree = "<group>"; };
		C435A35320608F79005A6D47 /* HeaderViewBuscarRestauranteTVC.swift */ = {isa = PBXFileReference; lastKnownFileType = sourcecode.swift; path = HeaderViewBuscarRestauranteTVC.swift; sourceTree = "<group>"; };
		C435A35420608F79005A6D47 /* HeaderViewBuscarRestauranteTVC.xib */ = {isa = PBXFileReference; lastKnownFileType = file.xib; path = HeaderViewBuscarRestauranteTVC.xib; sourceTree = "<group>"; };
		C43F318B20156DEA000E9924 /* GoogleService-Info.plist */ = {isa = PBXFileReference; fileEncoding = 4; lastKnownFileType = text.plist.xml; path = "GoogleService-Info.plist"; sourceTree = "<group>"; };
		C43F319520158ECF000E9924 /* LocalizarRestauranteVC.swift */ = {isa = PBXFileReference; lastKnownFileType = sourcecode.swift; path = LocalizarRestauranteVC.swift; sourceTree = "<group>"; };
		C457D37920154BDE000D8C1F /* QuickMenu.app */ = {isa = PBXFileReference; explicitFileType = wrapper.application; includeInIndex = 0; path = QuickMenu.app; sourceTree = BUILT_PRODUCTS_DIR; };
		C457D37C20154BDE000D8C1F /* AppDelegate.swift */ = {isa = PBXFileReference; lastKnownFileType = sourcecode.swift; path = AppDelegate.swift; sourceTree = "<group>"; };
		C457D38120154BDE000D8C1F /* Base */ = {isa = PBXFileReference; lastKnownFileType = file.storyboard; name = Base; path = Base.lproj/Main.storyboard; sourceTree = "<group>"; };
		C457D38320154BDE000D8C1F /* Assets.xcassets */ = {isa = PBXFileReference; lastKnownFileType = folder.assetcatalog; path = Assets.xcassets; sourceTree = "<group>"; };
		C457D38620154BDE000D8C1F /* Base */ = {isa = PBXFileReference; lastKnownFileType = file.storyboard; name = Base; path = Base.lproj/LaunchScreen.storyboard; sourceTree = "<group>"; };
		C457D38820154BDE000D8C1F /* Info.plist */ = {isa = PBXFileReference; lastKnownFileType = text.plist.xml; path = Info.plist; sourceTree = "<group>"; };
		C45E342B202D0B2000263FA1 /* TutorialVC.swift */ = {isa = PBXFileReference; lastKnownFileType = sourcecode.swift; path = TutorialVC.swift; sourceTree = "<group>"; };
		C465EE7B2060F49C003E2F4A /* BuscarRestauranteVC.swift */ = {isa = PBXFileReference; lastKnownFileType = sourcecode.swift; path = BuscarRestauranteVC.swift; sourceTree = "<group>"; };
		C46B0CFC2040FD7600D1EDB6 /* MapaDireccionRestauranteVC.swift */ = {isa = PBXFileReference; lastKnownFileType = sourcecode.swift; path = MapaDireccionRestauranteVC.swift; sourceTree = "<group>"; };
		C46F97732036B03700F83D22 /* UnirteAQuickMenuPageVC.swift */ = {isa = PBXFileReference; lastKnownFileType = sourcecode.swift; path = UnirteAQuickMenuPageVC.swift; sourceTree = "<group>"; };
		C476C933202948B00003074C /* SeccionSeleccionadaVC.swift */ = {isa = PBXFileReference; lastKnownFileType = sourcecode.swift; path = SeccionSeleccionadaVC.swift; sourceTree = "<group>"; };
		C476C93520294FC50003074C /* SeccionSeleccionadaTVCell.swift */ = {isa = PBXFileReference; lastKnownFileType = sourcecode.swift; path = SeccionSeleccionadaTVCell.swift; sourceTree = "<group>"; };
		C47A98F6203771000028A90C /* Pagina1VC.swift */ = {isa = PBXFileReference; lastKnownFileType = sourcecode.swift; path = Pagina1VC.swift; sourceTree = "<group>"; };
		C47A98F82037710A0028A90C /* Pagina2VC.swift */ = {isa = PBXFileReference; lastKnownFileType = sourcecode.swift; path = Pagina2VC.swift; sourceTree = "<group>"; };
		C47A98FA203771190028A90C /* Pagina3VC.swift */ = {isa = PBXFileReference; lastKnownFileType = sourcecode.swift; path = Pagina3VC.swift; sourceTree = "<group>"; };
		C47EB96520295F1A00BF9B2D /* Funciones.swift */ = {isa = PBXFileReference; lastKnownFileType = sourcecode.swift; path = Funciones.swift; sourceTree = "<group>"; };
		C47EB9672029653D00BF9B2D /* PlatilloSeleccionadoTVC.swift */ = {isa = PBXFileReference; lastKnownFileType = sourcecode.swift; path = PlatilloSeleccionadoTVC.swift; sourceTree = "<group>"; };
		C4877227204F63540039D20A /* CustomFunciones.swift */ = {isa = PBXFileReference; lastKnownFileType = sourcecode.swift; path = CustomFunciones.swift; sourceTree = "<group>"; };
		C4942378204A0DFD0065A654 /* Prueba2VC.swift */ = {isa = PBXFileReference; lastKnownFileType = sourcecode.swift; path = Prueba2VC.swift; sourceTree = "<group>"; };
		C494237A204A17860065A654 /* RestauranteCVCell.swift */ = {isa = PBXFileReference; lastKnownFileType = sourcecode.swift; path = RestauranteCVCell.swift; sourceTree = "<group>"; };
		C494F902205A427400F36920 /* VistosRecientementeCVCell.swift */ = {isa = PBXFileReference; lastKnownFileType = sourcecode.swift; path = VistosRecientementeCVCell.swift; sourceTree = "<group>"; };
		C494F904205A428200F36920 /* CategoriasCVCell.swift */ = {isa = PBXFileReference; lastKnownFileType = sourcecode.swift; path = CategoriasCVCell.swift; sourceTree = "<group>"; };
		C49969712043641C0057326F /* AgarrarMenuVC.swift */ = {isa = PBXFileReference; lastKnownFileType = sourcecode.swift; path = AgarrarMenuVC.swift; sourceTree = "<group>"; };
		C49DA80A206480E6008EE018 /* SearchResultsTVCell.swift */ = {isa = PBXFileReference; lastKnownFileType = sourcecode.swift; path = SearchResultsTVCell.swift; sourceTree = "<group>"; };
		C49DA80B206480E6008EE018 /* SearchResultsTVCell.xib */ = {isa = PBXFileReference; lastKnownFileType = file.xib; path = SearchResultsTVCell.xib; sourceTree = "<group>"; };
		C4AB28D320239A7D00F0CCCB /* DatosSeccion.swift */ = {isa = PBXFileReference; lastKnownFileType = sourcecode.swift; path = DatosSeccion.swift; sourceTree = "<group>"; };
		C4ACB82A205C7A12003902DD /* QuickMenu.entitlements */ = {isa = PBXFileReference; lastKnownFileType = text.plist.entitlements; path = QuickMenu.entitlements; sourceTree = "<group>"; };
		C4DC97C8204D2742007182D4 /* UIColorExtension.swift */ = {isa = PBXFileReference; lastKnownFileType = sourcecode.swift; path = UIColorExtension.swift; sourceTree = "<group>"; };
		C4EE0E5D201A81B0009CDB7C /* DBReference.swift */ = {isa = PBXFileReference; lastKnownFileType = sourcecode.swift; path = DBReference.swift; sourceTree = "<group>"; };
		C4EE0E5F201AAD1F009CDB7C /* DatosLocalizarRestaurante.swift */ = {isa = PBXFileReference; lastKnownFileType = sourcecode.swift; path = DatosLocalizarRestaurante.swift; sourceTree = "<group>"; };
		C4EED4E32020F22700E53139 /* SeccionesVC.swift */ = {isa = PBXFileReference; lastKnownFileType = sourcecode.swift; path = SeccionesVC.swift; sourceTree = "<group>"; };
		C4EED4E52020F2A500E53139 /* SeccionTVCell.swift */ = {isa = PBXFileReference; lastKnownFileType = sourcecode.swift; path = SeccionTVCell.swift; sourceTree = "<group>"; };
		C4F62F34201E785200900C78 /* LocalizarRestaurantes.swift */ = {isa = PBXFileReference; lastKnownFileType = sourcecode.swift; path = LocalizarRestaurantes.swift; sourceTree = "<group>"; };
/* End PBXFileReference section */

/* Begin PBXFrameworksBuildPhase section */
		C457D37620154BDE000D8C1F /* Frameworks */ = {
			isa = PBXFrameworksBuildPhase;
			buildActionMask = 2147483647;
			files = (
				1C8B2EC22AE16ACA7A8413B6 /* Pods_QuickMenu.framework in Frameworks */,
			);
			runOnlyForDeploymentPostprocessing = 0;
		};
/* End PBXFrameworksBuildPhase section */

/* Begin PBXGroup section */
		45B9A93B47F3896A7C1564E6 /* Pods */ = {
			isa = PBXGroup;
			children = (
				A89FB60C5093CED1CF58C4DE /* Pods-QuickMenu.debug.xcconfig */,
				57EFC24B9684A0413CC94B7E /* Pods-QuickMenu.release.xcconfig */,
			);
			name = Pods;
			sourceTree = "<group>";
		};
		908B765DE403D54734E87C0A /* Frameworks */ = {
			isa = PBXGroup;
			children = (
				0AA52FD6711E9949700475C8 /* Pods_QuickMenu.framework */,
			);
			name = Frameworks;
			sourceTree = "<group>";
		};
		C457D37020154BDE000D8C1F = {
			isa = PBXGroup;
			children = (
				C457D37B20154BDE000D8C1F /* QuickMenu */,
				C457D37A20154BDE000D8C1F /* Products */,
				45B9A93B47F3896A7C1564E6 /* Pods */,
				908B765DE403D54734E87C0A /* Frameworks */,
			);
			sourceTree = "<group>";
		};
		C457D37A20154BDE000D8C1F /* Products */ = {
			isa = PBXGroup;
			children = (
				C457D37920154BDE000D8C1F /* QuickMenu.app */,
			);
			name = Products;
			sourceTree = "<group>";
		};
		C457D37B20154BDE000D8C1F /* QuickMenu */ = {
			isa = PBXGroup;
			children = (
				C4ACB82A205C7A12003902DD /* QuickMenu.entitlements */,
				C457D37C20154BDE000D8C1F /* AppDelegate.swift */,
				C45E342B202D0B2000263FA1 /* TutorialVC.swift */,
				C465EE7B2060F49C003E2F4A /* BuscarRestauranteVC.swift */,
				C4942378204A0DFD0065A654 /* Prueba2VC.swift */,
				C4EED4E32020F22700E53139 /* SeccionesVC.swift */,
				C46B0CFC2040FD7600D1EDB6 /* MapaDireccionRestauranteVC.swift */,
				C476C933202948B00003074C /* SeccionSeleccionadaVC.swift */,
				C47EB9672029653D00BF9B2D /* PlatilloSeleccionadoTVC.swift */,
				C420E1D1203267DB00914AF5 /* CreditosTVC.swift */,
				C46F97732036B03700F83D22 /* UnirteAQuickMenuPageVC.swift */,
				C427BB912048C6020054EFD8 /* InfoQuickMenuVC.swift */,
				C49969712043641C0057326F /* AgarrarMenuVC.swift */,
				C43F319520158ECF000E9924 /* LocalizarRestauranteVC.swift */,
				C4877226204F63310039D20A /* Funciones */,
				C4DC97C7204D2729007182D4 /* Extension */,
				C47A98F5203770D70028A90C /* InfoRestaurantes */,
				C4EE0E5C201A5EDB009CDB7C /* ModeloDatos */,
				C4EE0E59201A5CE3009CDB7C /* Cells */,
				C45E342D202D0DF400263FA1 /* XIB Files */,
				C457D38020154BDE000D8C1F /* Main.storyboard */,
				C457D38320154BDE000D8C1F /* Assets.xcassets */,
				C457D38520154BDE000D8C1F /* LaunchScreen.storyboard */,
				C43F318B20156DEA000E9924 /* GoogleService-Info.plist */,
				C457D38820154BDE000D8C1F /* Info.plist */,
				C41FBE7F2057544C00D33F1E /* VideoIntro.mp4 */,
			);
			path = QuickMenu;
			sourceTree = "<group>";
		};
		C45E342D202D0DF400263FA1 /* XIB Files */ = {
			isa = PBXGroup;
			children = (
				C435A35320608F79005A6D47 /* HeaderViewBuscarRestauranteTVC.swift */,
				C435A35420608F79005A6D47 /* HeaderViewBuscarRestauranteTVC.xib */,
				C49DA80A206480E6008EE018 /* SearchResultsTVCell.swift */,
				C49DA80B206480E6008EE018 /* SearchResultsTVCell.xib */,
			);
			path = "XIB Files";
			sourceTree = "<group>";
		};
		C47A98F5203770D70028A90C /* InfoRestaurantes */ = {
			isa = PBXGroup;
			children = (
				C47A98F6203771000028A90C /* Pagina1VC.swift */,
				C47A98F82037710A0028A90C /* Pagina2VC.swift */,
				C47A98FA203771190028A90C /* Pagina3VC.swift */,
			);
			path = InfoRestaurantes;
			sourceTree = "<group>";
		};
		C4877226204F63310039D20A /* Funciones */ = {
			isa = PBXGroup;
			children = (
				C4877227204F63540039D20A /* CustomFunciones.swift */,
			);
			path = Funciones;
			sourceTree = "<group>";
		};
		C494F901205A425300F36920 /* BuscarRestauranteCells */ = {
			isa = PBXGroup;
			children = (
				C494F902205A427400F36920 /* VistosRecientementeCVCell.swift */,
				C494F904205A428200F36920 /* CategoriasCVCell.swift */,
			);
			path = BuscarRestauranteCells;
			sourceTree = "<group>";
		};
		C4DC97C7204D2729007182D4 /* Extension */ = {
			isa = PBXGroup;
			children = (
				C4DC97C8204D2742007182D4 /* UIColorExtension.swift */,
			);
			path = Extension;
			sourceTree = "<group>";
		};
		C4EE0E59201A5CE3009CDB7C /* Cells */ = {
			isa = PBXGroup;
			children = (
				C494F901205A425300F36920 /* BuscarRestauranteCells */,
				C4244896204365F70089A31C /* MenusTVCell.swift */,
				C4EED4E52020F2A500E53139 /* SeccionTVCell.swift */,
				C476C93520294FC50003074C /* SeccionSeleccionadaTVCell.swift */,
				C494237A204A17860065A654 /* RestauranteCVCell.swift */,
			);
			path = Cells;
			sourceTree = "<group>";
		};
		C4EE0E5C201A5EDB009CDB7C /* ModeloDatos */ = {
			isa = PBXGroup;
			children = (
				C4AB28D320239A7D00F0CCCB /* DatosSeccion.swift */,
				C47EB96520295F1A00BF9B2D /* Funciones.swift */,
				C4EE0E5D201A81B0009CDB7C /* DBReference.swift */,
				C4EE0E5F201AAD1F009CDB7C /* DatosLocalizarRestaurante.swift */,
				C4F62F34201E785200900C78 /* LocalizarRestaurantes.swift */,
			);
			path = ModeloDatos;
			sourceTree = "<group>";
		};
/* End PBXGroup section */

/* Begin PBXNativeTarget section */
		C457D37820154BDE000D8C1F /* QuickMenu */ = {
			isa = PBXNativeTarget;
			buildConfigurationList = C457D38B20154BDE000D8C1F /* Build configuration list for PBXNativeTarget "QuickMenu" */;
			buildPhases = (
				46AB4AE1A36F260542299B80 /* [CP] Check Pods Manifest.lock */,
				C457D37520154BDE000D8C1F /* Sources */,
				C457D37620154BDE000D8C1F /* Frameworks */,
				C457D37720154BDE000D8C1F /* Resources */,
				24DD3BAE2C5443BA7C5A7E45 /* [CP] Embed Pods Frameworks */,
				399CF34BBA95D9CCA62F8A7C /* [CP] Copy Pods Resources */,
			);
			buildRules = (
			);
			dependencies = (
			);
			name = QuickMenu;
			productName = QuickMenu;
			productReference = C457D37920154BDE000D8C1F /* QuickMenu.app */;
			productType = "com.apple.product-type.application";
		};
/* End PBXNativeTarget section */

/* Begin PBXProject section */
		C457D37120154BDE000D8C1F /* Project object */ = {
			isa = PBXProject;
			attributes = {
				LastSwiftUpdateCheck = 0920;
				LastUpgradeCheck = 0920;
				ORGANIZATIONNAME = Techson;
				TargetAttributes = {
					C457D37820154BDE000D8C1F = {
						CreatedOnToolsVersion = 9.2;
						ProvisioningStyle = Automatic;
						SystemCapabilities = {
							com.apple.BackgroundModes = {
								enabled = 1;
							};
							com.apple.Push = {
								enabled = 1;
							};
						};
					};
				};
			};
			buildConfigurationList = C457D37420154BDE000D8C1F /* Build configuration list for PBXProject "QuickMenu" */;
			compatibilityVersion = "Xcode 8.0";
			developmentRegion = en;
			hasScannedForEncodings = 0;
			knownRegions = (
				en,
				Base,
			);
			mainGroup = C457D37020154BDE000D8C1F;
			productRefGroup = C457D37A20154BDE000D8C1F /* Products */;
			projectDirPath = "";
			projectRoot = "";
			targets = (
				C457D37820154BDE000D8C1F /* QuickMenu */,
			);
		};
/* End PBXProject section */

/* Begin PBXResourcesBuildPhase section */
		C457D37720154BDE000D8C1F /* Resources */ = {
			isa = PBXResourcesBuildPhase;
			buildActionMask = 2147483647;
			files = (
				C49DA80D206480E6008EE018 /* SearchResultsTVCell.xib in Resources */,
				C457D38720154BDE000D8C1F /* LaunchScreen.storyboard in Resources */,
				C43F318C20156DEA000E9924 /* GoogleService-Info.plist in Resources */,
				C41FBE802057544C00D33F1E /* VideoIntro.mp4 in Resources */,
				C457D38420154BDE000D8C1F /* Assets.xcassets in Resources */,
				C435A35620608F79005A6D47 /* HeaderViewBuscarRestauranteTVC.xib in Resources */,
				C457D38220154BDE000D8C1F /* Main.storyboard in Resources */,
			);
			runOnlyForDeploymentPostprocessing = 0;
		};
/* End PBXResourcesBuildPhase section */

/* Begin PBXShellScriptBuildPhase section */
		24DD3BAE2C5443BA7C5A7E45 /* [CP] Embed Pods Frameworks */ = {
			isa = PBXShellScriptBuildPhase;
			buildActionMask = 2147483647;
			files = (
			);
			inputPaths = (
				"${SRCROOT}/Pods/Target Support Files/Pods-QuickMenu/Pods-QuickMenu-frameworks.sh",
				"${BUILT_PRODUCTS_DIR}/Auk/Auk.framework",
				"${BUILT_PRODUCTS_DIR}/GTMSessionFetcher/GTMSessionFetcher.framework",
				"${BUILT_PRODUCTS_DIR}/GoogleToolboxForMac/GoogleToolboxForMac.framework",
				"${BUILT_PRODUCTS_DIR}/IQKeyboardManagerSwift/IQKeyboardManagerSwift.framework",
				"${BUILT_PRODUCTS_DIR}/Protobuf/Protobuf.framework",
				"${BUILT_PRODUCTS_DIR}/SVProgressHUD/SVProgressHUD.framework",
				"${BUILT_PRODUCTS_DIR}/TextFieldEffects/TextFieldEffects.framework",
				"${BUILT_PRODUCTS_DIR}/leveldb-library/leveldb.framework",
				"${BUILT_PRODUCTS_DIR}/moa/moa.framework",
				"${BUILT_PRODUCTS_DIR}/nanopb/nanopb.framework",
				"${BUILT_PRODUCTS_DIR}/paper-onboarding/paper_onboarding.framework",
			);
			name = "[CP] Embed Pods Frameworks";
			outputPaths = (
				"${TARGET_BUILD_DIR}/${FRAMEWORKS_FOLDER_PATH}/Auk.framework",
				"${TARGET_BUILD_DIR}/${FRAMEWORKS_FOLDER_PATH}/GTMSessionFetcher.framework",
				"${TARGET_BUILD_DIR}/${FRAMEWORKS_FOLDER_PATH}/GoogleToolboxForMac.framework",
				"${TARGET_BUILD_DIR}/${FRAMEWORKS_FOLDER_PATH}/IQKeyboardManagerSwift.framework",
				"${TARGET_BUILD_DIR}/${FRAMEWORKS_FOLDER_PATH}/Protobuf.framework",
				"${TARGET_BUILD_DIR}/${FRAMEWORKS_FOLDER_PATH}/SVProgressHUD.framework",
				"${TARGET_BUILD_DIR}/${FRAMEWORKS_FOLDER_PATH}/TextFieldEffects.framework",
				"${TARGET_BUILD_DIR}/${FRAMEWORKS_FOLDER_PATH}/leveldb.framework",
				"${TARGET_BUILD_DIR}/${FRAMEWORKS_FOLDER_PATH}/moa.framework",
				"${TARGET_BUILD_DIR}/${FRAMEWORKS_FOLDER_PATH}/nanopb.framework",
				"${TARGET_BUILD_DIR}/${FRAMEWORKS_FOLDER_PATH}/paper_onboarding.framework",
			);
			runOnlyForDeploymentPostprocessing = 0;
			shellPath = /bin/sh;
			shellScript = "\"${SRCROOT}/Pods/Target Support Files/Pods-QuickMenu/Pods-QuickMenu-frameworks.sh\"\n";
			showEnvVarsInLog = 0;
		};
		399CF34BBA95D9CCA62F8A7C /* [CP] Copy Pods Resources */ = {
			isa = PBXShellScriptBuildPhase;
			buildActionMask = 2147483647;
			files = (
			);
			inputPaths = (
			);
			name = "[CP] Copy Pods Resources";
			outputPaths = (
			);
			runOnlyForDeploymentPostprocessing = 0;
			shellPath = /bin/sh;
			shellScript = "\"${SRCROOT}/Pods/Target Support Files/Pods-QuickMenu/Pods-QuickMenu-resources.sh\"\n";
			showEnvVarsInLog = 0;
		};
		46AB4AE1A36F260542299B80 /* [CP] Check Pods Manifest.lock */ = {
			isa = PBXShellScriptBuildPhase;
			buildActionMask = 2147483647;
			files = (
			);
			inputPaths = (
				"${PODS_PODFILE_DIR_PATH}/Podfile.lock",
				"${PODS_ROOT}/Manifest.lock",
			);
			name = "[CP] Check Pods Manifest.lock";
			outputPaths = (
				"$(DERIVED_FILE_DIR)/Pods-QuickMenu-checkManifestLockResult.txt",
			);
			runOnlyForDeploymentPostprocessing = 0;
			shellPath = /bin/sh;
			shellScript = "diff \"${PODS_PODFILE_DIR_PATH}/Podfile.lock\" \"${PODS_ROOT}/Manifest.lock\" > /dev/null\nif [ $? != 0 ] ; then\n    # print error to STDERR\n    echo \"error: The sandbox is not in sync with the Podfile.lock. Run 'pod install' or update your CocoaPods installation.\" >&2\n    exit 1\nfi\n# This output is used by Xcode 'outputs' to avoid re-running this script phase.\necho \"SUCCESS\" > \"${SCRIPT_OUTPUT_FILE_0}\"\n";
			showEnvVarsInLog = 0;
		};
/* End PBXShellScriptBuildPhase section */

/* Begin PBXSourcesBuildPhase section */
		C457D37520154BDE000D8C1F /* Sources */ = {
			isa = PBXSourcesBuildPhase;
			buildActionMask = 2147483647;
			files = (
				C4F62F35201E785200900C78 /* LocalizarRestaurantes.swift in Sources */,
				C4EED4E42020F22700E53139 /* SeccionesVC.swift in Sources */,
				C476C934202948B00003074C /* SeccionSeleccionadaVC.swift in Sources */,
				C47A98F92037710A0028A90C /* Pagina2VC.swift in Sources */,
				C47EB96620295F1A00BF9B2D /* Funciones.swift in Sources */,
				C435A35520608F79005A6D47 /* HeaderViewBuscarRestauranteTVC.swift in Sources */,
				C46B0CFD2040FD7600D1EDB6 /* MapaDireccionRestauranteVC.swift in Sources */,
				C47A98FB203771190028A90C /* Pagina3VC.swift in Sources */,
				C4EE0E60201AAD1F009CDB7C /* DatosLocalizarRestaurante.swift in Sources */,
				C4EED4E72020F2A500E53139 /* SeccionTVCell.swift in Sources */,
				C494F905205A428200F36920 /* CategoriasCVCell.swift in Sources */,
				C4877228204F63540039D20A /* CustomFunciones.swift in Sources */,
				C494237B204A17860065A654 /* RestauranteCVCell.swift in Sources */,
				C427BB922048C6020054EFD8 /* InfoQuickMenuVC.swift in Sources */,
				C46F97742036B03700F83D22 /* UnirteAQuickMenuPageVC.swift in Sources */,
				C45E342C202D0B2000263FA1 /* TutorialVC.swift in Sources */,
				C4EE0E5E201A81B0009CDB7C /* DBReference.swift in Sources */,
				C476C93620294FC50003074C /* SeccionSeleccionadaTVCell.swift in Sources */,
				C4244897204365F70089A31C /* MenusTVCell.swift in Sources */,
				C49DA80C206480E6008EE018 /* SearchResultsTVCell.swift in Sources */,
				C420E1D2203267DB00914AF5 /* CreditosTVC.swift in Sources */,
				C4DC97C9204D2742007182D4 /* UIColorExtension.swift in Sources */,
				C4942379204A0DFD0065A654 /* Prueba2VC.swift in Sources */,
				C47EB9682029653D00BF9B2D /* PlatilloSeleccionadoTVC.swift in Sources */,
				C457D37D20154BDE000D8C1F /* AppDelegate.swift in Sources */,
				C494F903205A427400F36920 /* VistosRecientementeCVCell.swift in Sources */,
				C4AB28D420239A7D00F0CCCB /* DatosSeccion.swift in Sources */,
				C465EE7C2060F49C003E2F4A /* BuscarRestauranteVC.swift in Sources */,
				C47A98F7203771000028A90C /* Pagina1VC.swift in Sources */,
				C43F319620158ECF000E9924 /* LocalizarRestauranteVC.swift in Sources */,
				C49969722043641C0057326F /* AgarrarMenuVC.swift in Sources */,
			);
			runOnlyForDeploymentPostprocessing = 0;
		};
/* End PBXSourcesBuildPhase section */

/* Begin PBXVariantGroup section */
		C457D38020154BDE000D8C1F /* Main.storyboard */ = {
			isa = PBXVariantGroup;
			children = (
				C457D38120154BDE000D8C1F /* Base */,
			);
			name = Main.storyboard;
			sourceTree = "<group>";
		};
		C457D38520154BDE000D8C1F /* LaunchScreen.storyboard */ = {
			isa = PBXVariantGroup;
			children = (
				C457D38620154BDE000D8C1F /* Base */,
			);
			name = LaunchScreen.storyboard;
			sourceTree = "<group>";
		};
/* End PBXVariantGroup section */

/* Begin XCBuildConfiguration section */
		C457D38920154BDE000D8C1F /* Debug */ = {
			isa = XCBuildConfiguration;
			buildSettings = {
				ALWAYS_SEARCH_USER_PATHS = NO;
				CLANG_ANALYZER_NONNULL = YES;
				CLANG_ANALYZER_NUMBER_OBJECT_CONVERSION = YES_AGGRESSIVE;
				CLANG_CXX_LANGUAGE_STANDARD = "gnu++14";
				CLANG_CXX_LIBRARY = "libc++";
				CLANG_ENABLE_MODULES = YES;
				CLANG_ENABLE_OBJC_ARC = YES;
				CLANG_WARN_BLOCK_CAPTURE_AUTORELEASING = YES;
				CLANG_WARN_BOOL_CONVERSION = YES;
				CLANG_WARN_COMMA = YES;
				CLANG_WARN_CONSTANT_CONVERSION = YES;
				CLANG_WARN_DIRECT_OBJC_ISA_USAGE = YES_ERROR;
				CLANG_WARN_DOCUMENTATION_COMMENTS = YES;
				CLANG_WARN_EMPTY_BODY = YES;
				CLANG_WARN_ENUM_CONVERSION = YES;
				CLANG_WARN_INFINITE_RECURSION = YES;
				CLANG_WARN_INT_CONVERSION = YES;
				CLANG_WARN_NON_LITERAL_NULL_CONVERSION = YES;
				CLANG_WARN_OBJC_LITERAL_CONVERSION = YES;
				CLANG_WARN_OBJC_ROOT_CLASS = YES_ERROR;
				CLANG_WARN_RANGE_LOOP_ANALYSIS = YES;
				CLANG_WARN_STRICT_PROTOTYPES = YES;
				CLANG_WARN_SUSPICIOUS_MOVE = YES;
				CLANG_WARN_UNGUARDED_AVAILABILITY = YES_AGGRESSIVE;
				CLANG_WARN_UNREACHABLE_CODE = YES;
				CLANG_WARN__DUPLICATE_METHOD_MATCH = YES;
				CODE_SIGN_IDENTITY = "iPhone Developer";
				COPY_PHASE_STRIP = NO;
				DEBUG_INFORMATION_FORMAT = dwarf;
				ENABLE_STRICT_OBJC_MSGSEND = YES;
				ENABLE_TESTABILITY = YES;
				GCC_C_LANGUAGE_STANDARD = gnu11;
				GCC_DYNAMIC_NO_PIC = NO;
				GCC_NO_COMMON_BLOCKS = YES;
				GCC_OPTIMIZATION_LEVEL = 0;
				GCC_PREPROCESSOR_DEFINITIONS = (
					"DEBUG=1",
					"$(inherited)",
				);
				GCC_WARN_64_TO_32_BIT_CONVERSION = YES;
				GCC_WARN_ABOUT_RETURN_TYPE = YES_ERROR;
				GCC_WARN_UNDECLARED_SELECTOR = YES;
				GCC_WARN_UNINITIALIZED_AUTOS = YES_AGGRESSIVE;
				GCC_WARN_UNUSED_FUNCTION = YES;
				GCC_WARN_UNUSED_VARIABLE = YES;
				IPHONEOS_DEPLOYMENT_TARGET = 11.2;
				MTL_ENABLE_DEBUG_INFO = YES;
				ONLY_ACTIVE_ARCH = YES;
				SDKROOT = iphoneos;
				SWIFT_ACTIVE_COMPILATION_CONDITIONS = DEBUG;
				SWIFT_OPTIMIZATION_LEVEL = "-Onone";
			};
			name = Debug;
		};
		C457D38A20154BDE000D8C1F /* Release */ = {
			isa = XCBuildConfiguration;
			buildSettings = {
				ALWAYS_SEARCH_USER_PATHS = NO;
				CLANG_ANALYZER_NONNULL = YES;
				CLANG_ANALYZER_NUMBER_OBJECT_CONVERSION = YES_AGGRESSIVE;
				CLANG_CXX_LANGUAGE_STANDARD = "gnu++14";
				CLANG_CXX_LIBRARY = "libc++";
				CLANG_ENABLE_MODULES = YES;
				CLANG_ENABLE_OBJC_ARC = YES;
				CLANG_WARN_BLOCK_CAPTURE_AUTORELEASING = YES;
				CLANG_WARN_BOOL_CONVERSION = YES;
				CLANG_WARN_COMMA = YES;
				CLANG_WARN_CONSTANT_CONVERSION = YES;
				CLANG_WARN_DIRECT_OBJC_ISA_USAGE = YES_ERROR;
				CLANG_WARN_DOCUMENTATION_COMMENTS = YES;
				CLANG_WARN_EMPTY_BODY = YES;
				CLANG_WARN_ENUM_CONVERSION = YES;
				CLANG_WARN_INFINITE_RECURSION = YES;
				CLANG_WARN_INT_CONVERSION = YES;
				CLANG_WARN_NON_LITERAL_NULL_CONVERSION = YES;
				CLANG_WARN_OBJC_LITERAL_CONVERSION = YES;
				CLANG_WARN_OBJC_ROOT_CLASS = YES_ERROR;
				CLANG_WARN_RANGE_LOOP_ANALYSIS = YES;
				CLANG_WARN_STRICT_PROTOTYPES = YES;
				CLANG_WARN_SUSPICIOUS_MOVE = YES;
				CLANG_WARN_UNGUARDED_AVAILABILITY = YES_AGGRESSIVE;
				CLANG_WARN_UNREACHABLE_CODE = YES;
				CLANG_WARN__DUPLICATE_METHOD_MATCH = YES;
				CODE_SIGN_IDENTITY = "iPhone Developer";
				COPY_PHASE_STRIP = NO;
				DEBUG_INFORMATION_FORMAT = "dwarf-with-dsym";
				ENABLE_NS_ASSERTIONS = NO;
				ENABLE_STRICT_OBJC_MSGSEND = YES;
				GCC_C_LANGUAGE_STANDARD = gnu11;
				GCC_NO_COMMON_BLOCKS = YES;
				GCC_WARN_64_TO_32_BIT_CONVERSION = YES;
				GCC_WARN_ABOUT_RETURN_TYPE = YES_ERROR;
				GCC_WARN_UNDECLARED_SELECTOR = YES;
				GCC_WARN_UNINITIALIZED_AUTOS = YES_AGGRESSIVE;
				GCC_WARN_UNUSED_FUNCTION = YES;
				GCC_WARN_UNUSED_VARIABLE = YES;
				IPHONEOS_DEPLOYMENT_TARGET = 11.2;
				MTL_ENABLE_DEBUG_INFO = NO;
				SDKROOT = iphoneos;
				SWIFT_OPTIMIZATION_LEVEL = "-Owholemodule";
				VALIDATE_PRODUCT = YES;
			};
			name = Release;
		};
		C457D38C20154BDE000D8C1F /* Debug */ = {
			isa = XCBuildConfiguration;
			baseConfigurationReference = A89FB60C5093CED1CF58C4DE /* Pods-QuickMenu.debug.xcconfig */;
			buildSettings = {
				ASSETCATALOG_COMPILER_APPICON_NAME = AppIcon;
				CODE_SIGN_ENTITLEMENTS = QuickMenu/QuickMenu.entitlements;
				CODE_SIGN_STYLE = Automatic;
				DEVELOPMENT_TEAM = ZT54WUH3TM;
				INFOPLIST_FILE = QuickMenu/Info.plist;
				IPHONEOS_DEPLOYMENT_TARGET = 10.0;
				LD_RUNPATH_SEARCH_PATHS = "$(inherited) @executable_path/Frameworks";
				PRODUCT_BUNDLE_IDENTIFIER = com.Techson.QuickMenu;
				PRODUCT_NAME = "$(TARGET_NAME)";
				SWIFT_VERSION = 4.0;
				TARGETED_DEVICE_FAMILY = 1;
			};
			name = Debug;
		};
		C457D38D20154BDE000D8C1F /* Release */ = {
			isa = XCBuildConfiguration;
			baseConfigurationReference = 57EFC24B9684A0413CC94B7E /* Pods-QuickMenu.release.xcconfig */;
			buildSettings = {
				ASSETCATALOG_COMPILER_APPICON_NAME = AppIcon;
				CODE_SIGN_ENTITLEMENTS = QuickMenu/QuickMenu.entitlements;
				CODE_SIGN_STYLE = Automatic;
				DEVELOPMENT_TEAM = ZT54WUH3TM;
				INFOPLIST_FILE = QuickMenu/Info.plist;
				IPHONEOS_DEPLOYMENT_TARGET = 10.0;
				LD_RUNPATH_SEARCH_PATHS = "$(inherited) @executable_path/Frameworks";
				PRODUCT_BUNDLE_IDENTIFIER = com.Techson.QuickMenu;
				PRODUCT_NAME = "$(TARGET_NAME)";
				SWIFT_VERSION = 4.0;
				TARGETED_DEVICE_FAMILY = 1;
			};
			name = Release;
		};
/* End XCBuildConfiguration section */

/* Begin XCConfigurationList section */
		C457D37420154BDE000D8C1F /* Build configuration list for PBXProject "QuickMenu" */ = {
			isa = XCConfigurationList;
			buildConfigurations = (
				C457D38920154BDE000D8C1F /* Debug */,
				C457D38A20154BDE000D8C1F /* Release */,
			);
			defaultConfigurationIsVisible = 0;
			defaultConfigurationName = Release;
		};
		C457D38B20154BDE000D8C1F /* Build configuration list for PBXNativeTarget "QuickMenu" */ = {
			isa = XCConfigurationList;
			buildConfigurations = (
				C457D38C20154BDE000D8C1F /* Debug */,
				C457D38D20154BDE000D8C1F /* Release */,
			);
			defaultConfigurationIsVisible = 0;
			defaultConfigurationName = Release;
		};
/* End XCConfigurationList section */
	};
	rootObject = C457D37120154BDE000D8C1F /* Project object */;
}
